
Microsoft Visual Studio Solution File, Format Version 12.00
# Visual Studio Version 17
VisualStudioVersion = 17.0.31903.59
MinimumVisualStudioVersion = 10.0.40219.1
Project("{2150E333-8FDC-42A3-9474-1A3956D46DE8}") = "src", "src", "{827E0CD3-B72D-47B6-A68D-7590B98EB39B}"
EndProject
Project("{FAE04EC0-301F-11D3-BF4B-00C04F79EFBC}") = "Vertex.Messaging.Abstractions", "src\Vertex.Messaging.Abstractions\Vertex.Messaging.Abstractions.csproj", "{07701CAE-22A3-4958-9A64-67647D21B33B}"
EndProject
Project("{FAE04EC0-301F-11D3-BF4B-00C04F79EFBC}") = "Vertex.Transport.Abstractions", "src\Vertex.Transport.Abstractions\Vertex.Transport.Abstractions.csproj", "{44C959A1-7134-48CC-9E5D-472781A99166}"
EndProject
Project("{FAE04EC0-301F-11D3-BF4B-00C04F79EFBC}") = "Vertex.Messaging", "src\Vertex.Messaging\Vertex.Messaging.csproj", "{8DB56E76-81D8-44B8-B0D9-78E7CEA230FC}"
EndProject
Project("{FAE04EC0-301F-11D3-BF4B-00C04F79EFBC}") = "Vertex.Transport.Grpc", "src\Vertex.Transport.Grpc\Vertex.Transport.Grpc.csproj", "{8B940AA0-427C-42A6-B0F4-C7CC1C7A2B82}"
EndProject
Project("{FAE04EC0-301F-11D3-BF4B-00C04F79EFBC}") = "Vertex.Transport.NetMq", "src\Vertex.Transport.NetMq\Vertex.Transport.NetMq.csproj", "{F948D7C9-280E-4115-AB14-3B682EF59530}"
EndProject
Project("{2150E333-8FDC-42A3-9474-1A3956D46DE8}") = "tests", "tests", "{0AB3BF05-4346-4AA6-1389-037BE0695223}"
EndProject
Project("{FAE04EC0-301F-11D3-BF4B-00C04F79EFBC}") = "Vertex.Transport.Grpc.Tests", "tests\Vertex.Transport.Grpc.Tests\Vertex.Transport.Grpc.Tests.csproj", "{0634AB58-CDCD-4443-9DD0-12F78C861223}"
EndProject
Project("{FAE04EC0-301F-11D3-BF4B-00C04F79EFBC}") = "Vertex.Serialization.Abstractions", "src\Vertex.Serialization.Abstractions\Vertex.Serialization.Abstractions.csproj", "{6BFEBD96-3F2D-4A1D-B0E9-3114DBBBBDD3}"
EndProject
Project("{FAE04EC0-301F-11D3-BF4B-00C04F79EFBC}") = "Vertex.Serialization.MessagePack", "src\Vertex.Serialization.MessagePack\Vertex.Serialization.MessagePack.csproj", "{8E26BC4D-F794-4DA0-A0CE-0CB9DF1A0214}"
EndProject
Project("{FAE04EC0-301F-11D3-BF4B-00C04F79EFBC}") = "Vertex.Serialization.Protobuf", "src\Vertex.Serialization.Protobuf\Vertex.Serialization.Protobuf.csproj", "{6577C9DC-EF4F-4266-BD72-F31684E34CD4}"
EndProject
Project("{FAE04EC0-301F-11D3-BF4B-00C04F79EFBC}") = "Vertex.Messaging.Tests", "tests\Vertex.Messaging.Tests\Vertex.Messaging.Tests.csproj", "{120F42B1-3C39-42FE-A93E-9917FADF428E}"
EndProject
Global
	GlobalSection(SolutionConfigurationPlatforms) = preSolution
		Debug|Any CPU = Debug|Any CPU
		Debug|x64 = Debug|x64
		Debug|x86 = Debug|x86
		Release|Any CPU = Release|Any CPU
		Release|x64 = Release|x64
		Release|x86 = Release|x86
	EndGlobalSection
	GlobalSection(ProjectConfigurationPlatforms) = postSolution
		{07701CAE-22A3-4958-9A64-67647D21B33B}.Debug|Any CPU.ActiveCfg = Debug|Any CPU
		{07701CAE-22A3-4958-9A64-67647D21B33B}.Debug|Any CPU.Build.0 = Debug|Any CPU
		{07701CAE-22A3-4958-9A64-67647D21B33B}.Debug|x64.ActiveCfg = Debug|Any CPU
		{07701CAE-22A3-4958-9A64-67647D21B33B}.Debug|x64.Build.0 = Debug|Any CPU
		{07701CAE-22A3-4958-9A64-67647D21B33B}.Debug|x86.ActiveCfg = Debug|Any CPU
		{07701CAE-22A3-4958-9A64-67647D21B33B}.Debug|x86.Build.0 = Debug|Any CPU
		{07701CAE-22A3-4958-9A64-67647D21B33B}.Release|Any CPU.ActiveCfg = Release|Any CPU
		{07701CAE-22A3-4958-9A64-67647D21B33B}.Release|Any CPU.Build.0 = Release|Any CPU
		{07701CAE-22A3-4958-9A64-67647D21B33B}.Release|x64.ActiveCfg = Release|Any CPU
		{07701CAE-22A3-4958-9A64-67647D21B33B}.Release|x64.Build.0 = Release|Any CPU
		{07701CAE-22A3-4958-9A64-67647D21B33B}.Release|x86.ActiveCfg = Release|Any CPU
		{07701CAE-22A3-4958-9A64-67647D21B33B}.Release|x86.Build.0 = Release|Any CPU
		{44C959A1-7134-48CC-9E5D-472781A99166}.Debug|Any CPU.ActiveCfg = Debug|Any CPU
		{44C959A1-7134-48CC-9E5D-472781A99166}.Debug|Any CPU.Build.0 = Debug|Any CPU
		{44C959A1-7134-48CC-9E5D-472781A99166}.Debug|x64.ActiveCfg = Debug|Any CPU
		{44C959A1-7134-48CC-9E5D-472781A99166}.Debug|x64.Build.0 = Debug|Any CPU
		{44C959A1-7134-48CC-9E5D-472781A99166}.Debug|x86.ActiveCfg = Debug|Any CPU
		{44C959A1-7134-48CC-9E5D-472781A99166}.Debug|x86.Build.0 = Debug|Any CPU
		{44C959A1-7134-48CC-9E5D-472781A99166}.Release|Any CPU.ActiveCfg = Release|Any CPU
		{44C959A1-7134-48CC-9E5D-472781A99166}.Release|Any CPU.Build.0 = Release|Any CPU
		{44C959A1-7134-48CC-9E5D-472781A99166}.Release|x64.ActiveCfg = Release|Any CPU
		{44C959A1-7134-48CC-9E5D-472781A99166}.Release|x64.Build.0 = Release|Any CPU
		{44C959A1-7134-48CC-9E5D-472781A99166}.Release|x86.ActiveCfg = Release|Any CPU
		{44C959A1-7134-48CC-9E5D-472781A99166}.Release|x86.Build.0 = Release|Any CPU
		{8DB56E76-81D8-44B8-B0D9-78E7CEA230FC}.Debug|Any CPU.ActiveCfg = Debug|Any CPU
		{8DB56E76-81D8-44B8-B0D9-78E7CEA230FC}.Debug|Any CPU.Build.0 = Debug|Any CPU
		{8DB56E76-81D8-44B8-B0D9-78E7CEA230FC}.Debug|x64.ActiveCfg = Debug|Any CPU
		{8DB56E76-81D8-44B8-B0D9-78E7CEA230FC}.Debug|x64.Build.0 = Debug|Any CPU
		{8DB56E76-81D8-44B8-B0D9-78E7CEA230FC}.Debug|x86.ActiveCfg = Debug|Any CPU
		{8DB56E76-81D8-44B8-B0D9-78E7CEA230FC}.Debug|x86.Build.0 = Debug|Any CPU
		{8DB56E76-81D8-44B8-B0D9-78E7CEA230FC}.Release|Any CPU.ActiveCfg = Release|Any CPU
		{8DB56E76-81D8-44B8-B0D9-78E7CEA230FC}.Release|Any CPU.Build.0 = Release|Any CPU
		{8DB56E76-81D8-44B8-B0D9-78E7CEA230FC}.Release|x64.ActiveCfg = Release|Any CPU
		{8DB56E76-81D8-44B8-B0D9-78E7CEA230FC}.Release|x64.Build.0 = Release|Any CPU
		{8DB56E76-81D8-44B8-B0D9-78E7CEA230FC}.Release|x86.ActiveCfg = Release|Any CPU
		{8DB56E76-81D8-44B8-B0D9-78E7CEA230FC}.Release|x86.Build.0 = Release|Any CPU
		{8B940AA0-427C-42A6-B0F4-C7CC1C7A2B82}.Debug|Any CPU.ActiveCfg = Debug|Any CPU
		{8B940AA0-427C-42A6-B0F4-C7CC1C7A2B82}.Debug|Any CPU.Build.0 = Debug|Any CPU
		{8B940AA0-427C-42A6-B0F4-C7CC1C7A2B82}.Debug|x64.ActiveCfg = Debug|Any CPU
		{8B940AA0-427C-42A6-B0F4-C7CC1C7A2B82}.Debug|x64.Build.0 = Debug|Any CPU
		{8B940AA0-427C-42A6-B0F4-C7CC1C7A2B82}.Debug|x86.ActiveCfg = Debug|Any CPU
		{8B940AA0-427C-42A6-B0F4-C7CC1C7A2B82}.Debug|x86.Build.0 = Debug|Any CPU
		{8B940AA0-427C-42A6-B0F4-C7CC1C7A2B82}.Release|Any CPU.ActiveCfg = Release|Any CPU
		{8B940AA0-427C-42A6-B0F4-C7CC1C7A2B82}.Release|Any CPU.Build.0 = Release|Any CPU
		{8B940AA0-427C-42A6-B0F4-C7CC1C7A2B82}.Release|x64.ActiveCfg = Release|Any CPU
		{8B940AA0-427C-42A6-B0F4-C7CC1C7A2B82}.Release|x64.Build.0 = Release|Any CPU
		{8B940AA0-427C-42A6-B0F4-C7CC1C7A2B82}.Release|x86.ActiveCfg = Release|Any CPU
		{8B940AA0-427C-42A6-B0F4-C7CC1C7A2B82}.Release|x86.Build.0 = Release|Any CPU
		{F948D7C9-280E-4115-AB14-3B682EF59530}.Debug|Any CPU.ActiveCfg = Debug|Any CPU
		{F948D7C9-280E-4115-AB14-3B682EF59530}.Debug|Any CPU.Build.0 = Debug|Any CPU
		{F948D7C9-280E-4115-AB14-3B682EF59530}.Debug|x64.ActiveCfg = Debug|Any CPU
		{F948D7C9-280E-4115-AB14-3B682EF59530}.Debug|x64.Build.0 = Debug|Any CPU
		{F948D7C9-280E-4115-AB14-3B682EF59530}.Debug|x86.ActiveCfg = Debug|Any CPU
		{F948D7C9-280E-4115-AB14-3B682EF59530}.Debug|x86.Build.0 = Debug|Any CPU
		{F948D7C9-280E-4115-AB14-3B682EF59530}.Release|Any CPU.ActiveCfg = Release|Any CPU
		{F948D7C9-280E-4115-AB14-3B682EF59530}.Release|Any CPU.Build.0 = Release|Any CPU
		{F948D7C9-280E-4115-AB14-3B682EF59530}.Release|x64.ActiveCfg = Release|Any CPU
		{F948D7C9-280E-4115-AB14-3B682EF59530}.Release|x64.Build.0 = Release|Any CPU
		{F948D7C9-280E-4115-AB14-3B682EF59530}.Release|x86.ActiveCfg = Release|Any CPU
		{F948D7C9-280E-4115-AB14-3B682EF59530}.Release|x86.Build.0 = Release|Any CPU
		{0634AB58-CDCD-4443-9DD0-12F78C861223}.Debug|Any CPU.ActiveCfg = Debug|Any CPU
		{0634AB58-CDCD-4443-9DD0-12F78C861223}.Debug|Any CPU.Build.0 = Debug|Any CPU
		{0634AB58-CDCD-4443-9DD0-12F78C861223}.Debug|x64.ActiveCfg = Debug|Any CPU
		{0634AB58-CDCD-4443-9DD0-12F78C861223}.Debug|x64.Build.0 = Debug|Any CPU
		{0634AB58-CDCD-4443-9DD0-12F78C861223}.Debug|x86.ActiveCfg = Debug|Any CPU
		{0634AB58-CDCD-4443-9DD0-12F78C861223}.Debug|x86.Build.0 = Debug|Any CPU
		{0634AB58-CDCD-4443-9DD0-12F78C861223}.Release|Any CPU.ActiveCfg = Release|Any CPU
		{0634AB58-CDCD-4443-9DD0-12F78C861223}.Release|Any CPU.Build.0 = Release|Any CPU
		{0634AB58-CDCD-4443-9DD0-12F78C861223}.Release|x64.ActiveCfg = Release|Any CPU
		{0634AB58-CDCD-4443-9DD0-12F78C861223}.Release|x64.Build.0 = Release|Any CPU
		{0634AB58-CDCD-4443-9DD0-12F78C861223}.Release|x86.ActiveCfg = Release|Any CPU
		{0634AB58-CDCD-4443-9DD0-12F78C861223}.Release|x86.Build.0 = Release|Any CPU
		{6BFEBD96-3F2D-4A1D-B0E9-3114DBBBBDD3}.Debug|Any CPU.ActiveCfg = Debug|Any CPU
		{6BFEBD96-3F2D-4A1D-B0E9-3114DBBBBDD3}.Debug|Any CPU.Build.0 = Debug|Any CPU
		{6BFEBD96-3F2D-4A1D-B0E9-3114DBBBBDD3}.Debug|x64.ActiveCfg = Debug|Any CPU
		{6BFEBD96-3F2D-4A1D-B0E9-3114DBBBBDD3}.Debug|x64.Build.0 = Debug|Any CPU
		{6BFEBD96-3F2D-4A1D-B0E9-3114DBBBBDD3}.Debug|x86.ActiveCfg = Debug|Any CPU
		{6BFEBD96-3F2D-4A1D-B0E9-3114DBBBBDD3}.Debug|x86.Build.0 = Debug|Any CPU
		{6BFEBD96-3F2D-4A1D-B0E9-3114DBBBBDD3}.Release|Any CPU.ActiveCfg = Release|Any CPU
		{6BFEBD96-3F2D-4A1D-B0E9-3114DBBBBDD3}.Release|Any CPU.Build.0 = Release|Any CPU
		{6BFEBD96-3F2D-4A1D-B0E9-3114DBBBBDD3}.Release|x64.ActiveCfg = Release|Any CPU
		{6BFEBD96-3F2D-4A1D-B0E9-3114DBBBBDD3}.Release|x64.Build.0 = Release|Any CPU
		{6BFEBD96-3F2D-4A1D-B0E9-3114DBBBBDD3}.Release|x86.ActiveCfg = Release|Any CPU
		{6BFEBD96-3F2D-4A1D-B0E9-3114DBBBBDD3}.Release|x86.Build.0 = Release|Any CPU
		{8E26BC4D-F794-4DA0-A0CE-0CB9DF1A0214}.Debug|Any CPU.ActiveCfg = Debug|Any CPU
		{8E26BC4D-F794-4DA0-A0CE-0CB9DF1A0214}.Debug|Any CPU.Build.0 = Debug|Any CPU
		{8E26BC4D-F794-4DA0-A0CE-0CB9DF1A0214}.Debug|x64.ActiveCfg = Debug|Any CPU
		{8E26BC4D-F794-4DA0-A0CE-0CB9DF1A0214}.Debug|x64.Build.0 = Debug|Any CPU
		{8E26BC4D-F794-4DA0-A0CE-0CB9DF1A0214}.Debug|x86.ActiveCfg = Debug|Any CPU
		{8E26BC4D-F794-4DA0-A0CE-0CB9DF1A0214}.Debug|x86.Build.0 = Debug|Any CPU
		{8E26BC4D-F794-4DA0-A0CE-0CB9DF1A0214}.Release|Any CPU.ActiveCfg = Release|Any CPU
		{8E26BC4D-F794-4DA0-A0CE-0CB9DF1A0214}.Release|Any CPU.Build.0 = Release|Any CPU
		{8E26BC4D-F794-4DA0-A0CE-0CB9DF1A0214}.Release|x64.ActiveCfg = Release|Any CPU
		{8E26BC4D-F794-4DA0-A0CE-0CB9DF1A0214}.Release|x64.Build.0 = Release|Any CPU
		{8E26BC4D-F794-4DA0-A0CE-0CB9DF1A0214}.Release|x86.ActiveCfg = Release|Any CPU
		{8E26BC4D-F794-4DA0-A0CE-0CB9DF1A0214}.Release|x86.Build.0 = Release|Any CPU
		{6577C9DC-EF4F-4266-BD72-F31684E34CD4}.Debug|Any CPU.ActiveCfg = Debug|Any CPU
		{6577C9DC-EF4F-4266-BD72-F31684E34CD4}.Debug|Any CPU.Build.0 = Debug|Any CPU
		{6577C9DC-EF4F-4266-BD72-F31684E34CD4}.Debug|x64.ActiveCfg = Debug|Any CPU
		{6577C9DC-EF4F-4266-BD72-F31684E34CD4}.Debug|x64.Build.0 = Debug|Any CPU
		{6577C9DC-EF4F-4266-BD72-F31684E34CD4}.Debug|x86.ActiveCfg = Debug|Any CPU
		{6577C9DC-EF4F-4266-BD72-F31684E34CD4}.Debug|x86.Build.0 = Debug|Any CPU
		{6577C9DC-EF4F-4266-BD72-F31684E34CD4}.Release|Any CPU.ActiveCfg = Release|Any CPU
		{6577C9DC-EF4F-4266-BD72-F31684E34CD4}.Release|Any CPU.Build.0 = Release|Any CPU
		{6577C9DC-EF4F-4266-BD72-F31684E34CD4}.Release|x64.ActiveCfg = Release|Any CPU
		{6577C9DC-EF4F-4266-BD72-F31684E34CD4}.Release|x64.Build.0 = Release|Any CPU
		{6577C9DC-EF4F-4266-BD72-F31684E34CD4}.Release|x86.ActiveCfg = Release|Any CPU
		{6577C9DC-EF4F-4266-BD72-F31684E34CD4}.Release|x86.Build.0 = Release|Any CPU
		{120F42B1-3C39-42FE-A93E-9917FADF428E}.Debug|Any CPU.ActiveCfg = Debug|Any CPU
		{120F42B1-3C39-42FE-A93E-9917FADF428E}.Debug|Any CPU.Build.0 = Debug|Any CPU
		{120F42B1-3C39-42FE-A93E-9917FADF428E}.Debug|x64.ActiveCfg = Debug|Any CPU
		{120F42B1-3C39-42FE-A93E-9917FADF428E}.Debug|x64.Build.0 = Debug|Any CPU
		{120F42B1-3C39-42FE-A93E-9917FADF428E}.Debug|x86.ActiveCfg = Debug|Any CPU
		{120F42B1-3C39-42FE-A93E-9917FADF428E}.Debug|x86.Build.0 = Debug|Any CPU
		{120F42B1-3C39-42FE-A93E-9917FADF428E}.Release|Any CPU.ActiveCfg = Release|Any CPU
		{120F42B1-3C39-42FE-A93E-9917FADF428E}.Release|Any CPU.Build.0 = Release|Any CPU
		{120F42B1-3C39-42FE-A93E-9917FADF428E}.Release|x64.ActiveCfg = Release|Any CPU
		{120F42B1-3C39-42FE-A93E-9917FADF428E}.Release|x64.Build.0 = Release|Any CPU
		{120F42B1-3C39-42FE-A93E-9917FADF428E}.Release|x86.ActiveCfg = Release|Any CPU
		{120F42B1-3C39-42FE-A93E-9917FADF428E}.Release|x86.Build.0 = Release|Any CPU
	EndGlobalSection
	GlobalSection(SolutionProperties) = preSolution
		HideSolutionNode = FALSE
	EndGlobalSection
	GlobalSection(NestedProjects) = preSolution
		{07701CAE-22A3-4958-9A64-67647D21B33B} = {827E0CD3-B72D-47B6-A68D-7590B98EB39B}
		{44C959A1-7134-48CC-9E5D-472781A99166} = {827E0CD3-B72D-47B6-A68D-7590B98EB39B}
		{8DB56E76-81D8-44B8-B0D9-78E7CEA230FC} = {827E0CD3-B72D-47B6-A68D-7590B98EB39B}
		{8B940AA0-427C-42A6-B0F4-C7CC1C7A2B82} = {827E0CD3-B72D-47B6-A68D-7590B98EB39B}
		{F948D7C9-280E-4115-AB14-3B682EF59530} = {827E0CD3-B72D-47B6-A68D-7590B98EB39B}
		{0634AB58-CDCD-4443-9DD0-12F78C861223} = {0AB3BF05-4346-4AA6-1389-037BE0695223}
		{6BFEBD96-3F2D-4A1D-B0E9-3114DBBBBDD3} = {827E0CD3-B72D-47B6-A68D-7590B98EB39B}
		{8E26BC4D-F794-4DA0-A0CE-0CB9DF1A0214} = {827E0CD3-B72D-47B6-A68D-7590B98EB39B}
		{6577C9DC-EF4F-4266-BD72-F31684E34CD4} = {827E0CD3-B72D-47B6-A68D-7590B98EB39B}
		{120F42B1-3C39-42FE-A93E-9917FADF428E} = {0AB3BF05-4346-4AA6-1389-037BE0695223}
	EndGlobalSection
EndGlobal
